// !$*UTF8*$!
{
	archiveVersion = 1;
	classes = {
	};
	objectVersion = 50;
	objects = {

/* Begin PBXBuildFile section */
		A0E0700B2195137C00C41101 /* AppDelegate.swift in Sources */ = {isa = PBXBuildFile; fileRef = A0E0700A2195137C00C41101 /* AppDelegate.swift */; };
		A0E070102195137C00C41101 /* Main.storyboard in Resources */ = {isa = PBXBuildFile; fileRef = A0E0700E2195137C00C41101 /* Main.storyboard */; };
		A0E070122195137F00C41101 /* Assets.xcassets in Resources */ = {isa = PBXBuildFile; fileRef = A0E070112195137F00C41101 /* Assets.xcassets */; };
		A0E070152195137F00C41101 /* LaunchScreen.storyboard in Resources */ = {isa = PBXBuildFile; fileRef = A0E070132195137F00C41101 /* LaunchScreen.storyboard */; };
		A0E0701D219513AE00C41101 /* Video.swift in Sources */ = {isa = PBXBuildFile; fileRef = A0E0701C219513AE00C41101 /* Video.swift */; };
		A0E07023219514D800C41101 /* VideoTableViewController.swift in Sources */ = {isa = PBXBuildFile; fileRef = A0E07022219514D800C41101 /* VideoTableViewController.swift */; };
		A0E070252195193800C41101 /* VideoTableViewCell.swift in Sources */ = {isa = PBXBuildFile; fileRef = A0E070242195193800C41101 /* VideoTableViewCell.swift */; };
/* End PBXBuildFile section */

/* Begin PBXFileReference section */
		A0E070072195137C00C41101 /* VIdeoList.app */ = {isa = PBXFileReference; explicitFileType = wrapper.application; includeInIndex = 0; path = VIdeoList.app; sourceTree = BUILT_PRODUCTS_DIR; };
		A0E0700A2195137C00C41101 /* AppDelegate.swift */ = {isa = PBXFileReference; lastKnownFileType = sourcecode.swift; path = AppDelegate.swift; sourceTree = "<group>"; };
		A0E0700F2195137C00C41101 /* Base */ = {isa = PBXFileReference; lastKnownFileType = file.storyboard; name = Base; path = Base.lproj/Main.storyboard; sourceTree = "<group>"; };
		A0E070112195137F00C41101 /* Assets.xcassets */ = {isa = PBXFileReference; lastKnownFileType = folder.assetcatalog; path = Assets.xcassets; sourceTree = "<group>"; };
		A0E070142195137F00C41101 /* Base */ = {isa = PBXFileReference; lastKnownFileType = file.storyboard; name = Base; path = Base.lproj/LaunchScreen.storyboard; sourceTree = "<group>"; };
		A0E070162195137F00C41101 /* Info.plist */ = {isa = PBXFileReference; lastKnownFileType = text.plist.xml; path = Info.plist; sourceTree = "<group>"; };
		A0E0701C219513AE00C41101 /* Video.swift */ = {isa = PBXFileReference; fileEncoding = 4; lastKnownFileType = sourcecode.swift; path = Video.swift; sourceTree = "<group>"; };
		A0E07022219514D800C41101 /* VideoTableViewController.swift */ = {isa = PBXFileReference; lastKnownFileType = sourcecode.swift; path = VideoTableViewController.swift; sourceTree = "<group>"; };
		A0E070242195193800C41101 /* VideoTableViewCell.swift */ = {isa = PBXFileReference; lastKnownFileType = sourcecode.swift; path = VideoTableViewCell.swift; sourceTree = "<group>"; };
/* End PBXFileReference section */

/* Begin PBXFrameworksBuildPhase section */
		A0E070042195137C00C41101 /* Frameworks */ = {
			isa = PBXFrameworksBuildPhase;
			buildActionMask = 2147483647;
			files = (
			);
			runOnlyForDeploymentPostprocessing = 0;
		};
/* End PBXFrameworksBuildPhase section */

/* Begin PBXGroup section */
		A0E06FFE2195137C00C41101 = {
			isa = PBXGroup;
			children = (
				A0E070092195137C00C41101 /* VideoList */,
				A0E070082195137C00C41101 /* Products */,
			);
			sourceTree = "<group>";
		};
		A0E070082195137C00C41101 /* Products */ = {
			isa = PBXGroup;
			children = (
				A0E070072195137C00C41101 /* VIdeoList.app */,
			);
			name = Products;
			sourceTree = "<group>";
		};
		A0E070092195137C00C41101 /* VideoList */ = {
			isa = PBXGroup;
			children = (
				A0E0700A2195137C00C41101 /* AppDelegate.swift */,
				A0E070262195198B00C41101 /* View */,
				A0E070272195199B00C41101 /* Controller */,
				A0E07028219519A300C41101 /* Model */,
				A0E070112195137F00C41101 /* Assets.xcassets */,
				A0E070132195137F00C41101 /* LaunchScreen.storyboard */,
				A0E070162195137F00C41101 /* Info.plist */,
			);
			path = VideoList;
			sourceTree = "<group>";
		};
		A0E070262195198B00C41101 /* View */ = {
			isa = PBXGroup;
			children = (
				A0E0700E2195137C00C41101 /* Main.storyboard */,
				A0E070242195193800C41101 /* VideoTableViewCell.swift */,
			);
			path = View;
			sourceTree = "<group>";
		};
		A0E070272195199B00C41101 /* Controller */ = {
			isa = PBXGroup;
			children = (
				A0E07022219514D800C41101 /* VideoTableViewController.swift */,
			);
			path = Controller;
			sourceTree = "<group>";
		};
		A0E07028219519A300C41101 /* Model */ = {
			isa = PBXGroup;
			children = (
				A0E0701C219513AE00C41101 /* Video.swift */,
			);
			path = Model;
			sourceTree = "<group>";
		};
/* End PBXGroup section */

/* Begin PBXNativeTarget section */
		A0E070062195137C00C41101 /* VIdeoList */ = {
			isa = PBXNativeTarget;
			buildConfigurationList = A0E070192195137F00C41101 /* Build configuration list for PBXNativeTarget "VIdeoList" */;
			buildPhases = (
				A0E070032195137C00C41101 /* Sources */,
				A0E070042195137C00C41101 /* Frameworks */,
				A0E070052195137C00C41101 /* Resources */,
			);
			buildRules = (
			);
			dependencies = (
			);
			name = VIdeoList;
			productName = VIdeoList;
			productReference = A0E070072195137C00C41101 /* VIdeoList.app */;
			productType = "com.apple.product-type.application";
		};
/* End PBXNativeTarget section */

/* Begin PBXProject section */
		A0E06FFF2195137C00C41101 /* Project object */ = {
			isa = PBXProject;
			attributes = {
				LastSwiftUpdateCheck = 1010;
				LastUpgradeCheck = 1010;
				ORGANIZATIONNAME = "Junghoon Lee";
				TargetAttributes = {
					A0E070062195137C00C41101 = {
						CreatedOnToolsVersion = 10.1;
					};
				};
			};
			buildConfigurationList = A0E070022195137C00C41101 /* Build configuration list for PBXProject "VideoList" */;
			compatibilityVersion = "Xcode 9.3";
			developmentRegion = en;
			hasScannedForEncodings = 0;
			knownRegions = (
				en,
				Base,
			);
			mainGroup = A0E06FFE2195137C00C41101;
			productRefGroup = A0E070082195137C00C41101 /* Products */;
			projectDirPath = "";
			projectRoot = "";
			targets = (
				A0E070062195137C00C41101 /* VIdeoList */,
			);
		};
/* End PBXProject section */

/* Begin PBXResourcesBuildPhase section */
		A0E070052195137C00C41101 /* Resources */ = {
			isa = PBXResourcesBuildPhase;
			buildActionMask = 2147483647;
			files = (
				A0E070152195137F00C41101 /* LaunchScreen.storyboard in Resources */,
				A0E070122195137F00C41101 /* Assets.xcassets in Resources */,
				A0E070102195137C00C41101 /* Main.storyboard in Resources */,
			);
			runOnlyForDeploymentPostprocessing = 0;
		};
/* End PBXResourcesBuildPhase section */

/* Begin PBXSourcesBuildPhase section */
		A0E070032195137C00C41101 /* Sources */ = {
			isa = PBXSourcesBuildPhase;
			buildActionMask = 2147483647;
			files = (
				A0E0701D219513AE00C41101 /* Video.swift in Sources */,
				A0E070252195193800C41101 /* VideoTableViewCell.swift in Sources */,
				A0E07023219514D800C41101 /* VideoTableViewController.swift in Sources */,
				A0E0700B2195137C00C41101 /* AppDelegate.swift in Sources */,
			);
			runOnlyForDeploymentPostprocessing = 0;
		};
/* End PBXSourcesBuildPhase section */

/* Begin PBXVariantGroup section */
		A0E0700E2195137C00C41101 /* Main.storyboard */ = {
			isa = PBXVariantGroup;
			children = (
				A0E0700F2195137C00C41101 /* Base */,
			);
			name = Main.storyboard;
			sourceTree = "<group>";
		};
		A0E070132195137F00C41101 /* LaunchScreen.storyboard */ = {
			isa = PBXVariantGroup;
			children = (
				A0E070142195137F00C41101 /* Base */,
			);
			name = LaunchScreen.storyboard;
			sourceTree = "<group>";
		};
/* End PBXVariantGroup section */

/* Begin XCBuildConfiguration section */
		A0E070172195137F00C41101 /* Debug */ = {
			isa = XCBuildConfiguration;
			buildSettings = {
				ALWAYS_SEARCH_USER_PATHS = NO;
				CLANG_ANALYZER_NONNULL = YES;
				CLANG_ANALYZER_NUMBER_OBJECT_CONVERSION = YES_AGGRESSIVE;
				CLANG_CXX_LANGUAGE_STANDARD = "gnu++14";
				CLANG_CXX_LIBRARY = "libc++";
				CLANG_ENABLE_MODULES = YES;
				CLANG_ENABLE_OBJC_ARC = YES;
				CLANG_ENABLE_OBJC_WEAK = YES;
				CLANG_WARN_BLOCK_CAPTURE_AUTORELEASING = YES;
				CLANG_WARN_BOOL_CONVERSION = YES;
				CLANG_WARN_COMMA = YES;
				CLANG_WARN_CONSTANT_CONVERSION = YES;
				CLANG_WARN_DEPRECATED_OBJC_IMPLEMENTATIONS = YES;
				CLANG_WARN_DIRECT_OBJC_ISA_USAGE = YES_ERROR;
				CLANG_WARN_DOCUMENTATION_COMMENTS = YES;
				CLANG_WARN_EMPTY_BODY = YES;
				CLANG_WARN_ENUM_CONVERSION = YES;
				CLANG_WARN_INFINITE_RECURSION = YES;
				CLANG_WARN_INT_CONVERSION = YES;
				CLANG_WARN_NON_LITERAL_NULL_CONVERSION = YES;
				CLANG_WARN_OBJC_IMPLICIT_RETAIN_SELF = YES;
				CLANG_WARN_OBJC_LITERAL_CONVERSION = YES;
				CLANG_WARN_OBJC_ROOT_CLASS = YES_ERROR;
				CLANG_WARN_RANGE_LOOP_ANALYSIS = YES;
				CLANG_WARN_STRICT_PROTOTYPES = YES;
				CLANG_WARN_SUSPICIOUS_MOVE = YES;
				CLANG_WARN_UNGUARDED_AVAILABILITY = YES_AGGRESSIVE;
				CLANG_WARN_UNREACHABLE_CODE = YES;
				CLANG_WARN__DUPLICATE_METHOD_MATCH = YES;
				CODE_SIGN_IDENTITY = "iPhone Developer";
				COPY_PHASE_STRIP = NO;
				DEBUG_INFORMATION_FORMAT = dwarf;
				ENABLE_STRICT_OBJC_MSGSEND = YES;
				ENABLE_TESTABILITY = YES;
				GCC_C_LANGUAGE_STANDARD = gnu11;
				GCC_DYNAMIC_NO_PIC = NO;
				GCC_NO_COMMON_BLOCKS = YES;
				GCC_OPTIMIZATION_LEVEL = 0;
				GCC_PREPROCESSOR_DEFINITIONS = (
					"DEBUG=1",
					"$(inherited)",
				);
				GCC_WARN_64_TO_32_BIT_CONVERSION = YES;
				GCC_WARN_ABOUT_RETURN_TYPE = YES_ERROR;
				GCC_WARN_UNDECLARED_SELECTOR = YES;
				GCC_WARN_UNINITIALIZED_AUTOS = YES_AGGRESSIVE;
				GCC_WARN_UNUSED_FUNCTION = YES;
				GCC_WARN_UNUSED_VARIABLE = YES;
				IPHONEOS_DEPLOYMENT_TARGET = 12.1;
				MTL_ENABLE_DEBUG_INFO = INCLUDE_SOURCE;
				MTL_FAST_MATH = YES;
				ONLY_ACTIVE_ARCH = YES;
				SDKROOT = iphoneos;
				SWIFT_ACTIVE_COMPILATION_CONDITIONS = DEBUG;
				SWIFT_OPTIMIZATION_LEVEL = "-Onone";
			};
			name = Debug;
		};
		A0E070182195137F00C41101 /* Release */ = {
			isa = XCBuildConfiguration;
			buildSettings = {
				ALWAYS_SEARCH_USER_PATHS = NO;
				CLANG_ANALYZER_NONNULL = YES;
				CLANG_ANALYZER_NUMBER_OBJECT_CONVERSION = YES_AGGRESSIVE;
				CLANG_CXX_LANGUAGE_STANDARD = "gnu++14";
				CLANG_CXX_LIBRARY = "libc++";
				CLANG_ENABLE_MODULES = YES;
				CLANG_ENABLE_OBJC_ARC = YES;
				CLANG_ENABLE_OBJC_WEAK = YES;
				CLANG_WARN_BLOCK_CAPTURE_AUTORELEASING = YES;
				CLANG_WARN_BOOL_CONVERSION = YES;
				CLANG_WARN_COMMA = YES;
				CLANG_WARN_CONSTANT_CONVERSION = YES;
				CLANG_WARN_DEPRECATED_OBJC_IMPLEMENTATIONS = YES;
				CLANG_WARN_DIRECT_OBJC_ISA_USAGE = YES_ERROR;
				CLANG_WARN_DOCUMENTATION_COMMENTS = YES;
				CLANG_WARN_EMPTY_BODY = YES;
				CLANG_WARN_ENUM_CONVERSION = YES;
				CLANG_WARN_INFINITE_RECURSION = YES;
				CLANG_WARN_INT_CONVERSION = YES;
				CLANG_WARN_NON_LITERAL_NULL_CONVERSION = YES;
				CLANG_WARN_OBJC_IMPLICIT_RETAIN_SELF = YES;
				CLANG_WARN_OBJC_LITERAL_CONVERSION = YES;
				CLANG_WARN_OBJC_ROOT_CLASS = YES_ERROR;
				CLANG_WARN_RANGE_LOOP_ANALYSIS = YES;
				CLANG_WARN_STRICT_PROTOTYPES = YES;
				CLANG_WARN_SUSPICIOUS_MOVE = YES;
				CLANG_WARN_UNGUARDED_AVAILABILITY = YES_AGGRESSIVE;
				CLANG_WARN_UNREACHABLE_CODE = YES;
				CLANG_WARN__DUPLICATE_METHOD_MATCH = YES;
				CODE_SIGN_IDENTITY = "iPhone Developer";
				COPY_PHASE_STRIP = NO;
				DEBUG_INFORMATION_FORMAT = "dwarf-with-dsym";
				ENABLE_NS_ASSERTIONS = NO;
				ENABLE_STRICT_OBJC_MSGSEND = YES;
				GCC_C_LANGUAGE_STANDARD = gnu11;
				GCC_NO_COMMON_BLOCKS = YES;
				GCC_WARN_64_TO_32_BIT_CONVERSION = YES;
				GCC_WARN_ABOUT_RETURN_TYPE = YES_ERROR;
				GCC_WARN_UNDECLARED_SELECTOR = YES;
				GCC_WARN_UNINITIALIZED_AUTOS = YES_AGGRESSIVE;
				GCC_WARN_UNUSED_FUNCTION = YES;
				GCC_WARN_UNUSED_VARIABLE = YES;
				IPHONEOS_DEPLOYMENT_TARGET = 12.1;
				MTL_ENABLE_DEBUG_INFO = NO;
				MTL_FAST_MATH = YES;
				SDKROOT = iphoneos;
				SWIFT_COMPILATION_MODE = wholemodule;
				SWIFT_OPTIMIZATION_LEVEL = "-O";
				VALIDATE_PRODUCT = YES;
			};
			name = Release;
		};
		A0E0701A2195137F00C41101 /* Debug */ = {
			isa = XCBuildConfiguration;
			buildSettings = {
				ASSETCATALOG_COMPILER_APPICON_NAME = AppIcon;
				CODE_SIGN_STYLE = Automatic;
				DEVELOPMENT_TEAM = AXR3Y976X8;
				INFOPLIST_FILE = VIdeoList/Info.plist;
				LD_RUNPATH_SEARCH_PATHS = (
					"$(inherited)",
					"@executable_path/Frameworks",
				);
				PRODUCT_BUNDLE_IDENTIFIER = com.junghoon.VIdeoList;
				PRODUCT_NAME = "$(TARGET_NAME)";
				SWIFT_VERSION = 4.2;
				TARGETED_DEVICE_FAMILY = "1,2";
			};
			name = Debug;
		};
		A0E0701B2195137F00C41101 /* Release */ = {
			isa = XCBuildConfiguration;
			buildSettings = {
				ASSETCATALOG_COMPILER_APPICON_NAME = AppIcon;
				CODE_SIGN_STYLE = Automatic;
				DEVELOPMENT_TEAM = AXR3Y976X8;
				INFOPLIST_FILE = VIdeoList/Info.plist;
				LD_RUNPATH_SEARCH_PATHS = (
					"$(inherited)",
					"@executable_path/Frameworks",
				);
				PRODUCT_BUNDLE_IDENTIFIER = com.junghoon.VIdeoList;
				PRODUCT_NAME = "$(TARGET_NAME)";
				SWIFT_VERSION = 4.2;
				TARGETED_DEVICE_FAMILY = "1,2";
			};
			name = Release;
		};
/* End XCBuildConfiguration section */

/* Begin XCConfigurationList section */
		A0E070022195137C00C41101 /* Build configuration list for PBXProject "VideoList" */ = {
			isa = XCConfigurationList;
			buildConfigurations = (
				A0E070172195137F00C41101 /* Debug */,
				A0E070182195137F00C41101 /* Release */,
			);
			defaultConfigurationIsVisible = 0;
			defaultConfigurationName = Release;
		};
		A0E070192195137F00C41101 /* Build configuration list for PBXNativeTarget "VIdeoList" */ = {
			isa = XCConfigurationList;
			buildConfigurations = (
				A0E0701A2195137F00C41101 /* Debug */,
				A0E0701B2195137F00C41101 /* Release */,
			);
			defaultConfigurationIsVisible = 0;
			defaultConfigurationName = Release;
		};
/* End XCConfigurationList section */
	};
	rootObject = A0E06FFF2195137C00C41101 /* Project object */;
}
